
Microsoft Visual Studio Solution File, Format Version 12.00
# Visual Studio 15
VisualStudioVersion = 15.0.28307.168
MinimumVisualStudioVersion = 10.0.40219.1
Project("{FAE04EC0-301F-11D3-BF4B-00C04F79EFBC}") = "MessageCardModel", "MessageCardModel\MessageCardModel.csproj", "{A781BD5B-CD2E-4351-92AA-29747BC8D8A0}"
EndProject
Project("{FAE04EC0-301F-11D3-BF4B-00C04F79EFBC}") = "MessageCardSample", "MessageCardSample\MessageCardSample.csproj", "{30B6DC56-FDEF-4617-8A9A-667D1B04F698}"
EndProject
Global
	GlobalSection(SolutionConfigurationPlatforms) = preSolution
		Debug|Any CPU = Debug|Any CPU
		Release|Any CPU = Release|Any CPU
	EndGlobalSection
	GlobalSection(ProjectConfigurationPlatforms) = postSolution
		{A781BD5B-CD2E-4351-92AA-29747BC8D8A0}.Debug|Any CPU.ActiveCfg = Debug|Any CPU
		{A781BD5B-CD2E-4351-92AA-29747BC8D8A0}.Debug|Any CPU.Build.0 = Debug|Any CPU
		{A781BD5B-CD2E-4351-92AA-29747BC8D8A0}.Release|Any CPU.ActiveCfg = Release|Any CPU
		{A781BD5B-CD2E-4351-92AA-29747BC8D8A0}.Release|Any CPU.Build.0 = Release|Any CPU
		{30B6DC56-FDEF-4617-8A9A-667D1B04F698}.Debug|Any CPU.ActiveCfg = Debug|Any CPU
		{30B6DC56-FDEF-4617-8A9A-667D1B04F698}.Debug|Any CPU.Build.0 = Debug|Any CPU
		{30B6DC56-FDEF-4617-8A9A-667D1B04F698}.Release|Any CPU.ActiveCfg = Release|Any CPU
		{30B6DC56-FDEF-4617-8A9A-667D1B04F698}.Release|Any CPU.Build.0 = Release|Any CPU
	EndGlobalSection
	GlobalSection(SolutionProperties) = preSolution
		HideSolutionNode = FALSE
	EndGlobalSection
	GlobalSection(ExtensibilityGlobals) = postSolution
		SolutionGuid = {48059E5F-F95C-4429-92FD-1F8A4D9CD93B}
	EndGlobalSection
EndGlobal
